{
  "requires": true,
  "lockfileVersion": 1,
  "dependencies": {
    "aframe-mouse-dragndrop-component": {
      "version": "1.1.0",
      "resolved": "https://registry.npmjs.org/aframe-mouse-dragndrop-component/-/aframe-mouse-dragndrop-component-1.1.0.tgz",
      "integrity": "sha512-POyZp507Zg7iNeLRr7ShfAoEyoDaB1LW8yxXBycaXNNFZfwUuOBCxsWCu1dUmwwlbaKbxatole5DeRH2q3wdjg=="
    }
  }
}
